
Microsoft Visual Studio Solution File, Format Version 12.00
# Visual Studio Version 17
VisualStudioVersion = 17.5.33414.496
MinimumVisualStudioVersion = 10.0.40219.1
Project("{9A19103F-16F7-4668-BE54-9A1E7A4F7556}") = "DevynMyersSite.Web", "DevynMyersSite.Web\DevynMyersSite.Web.csproj", "{F6B6FC45-364C-4F42-894C-8E2D5B59D1AD}"
EndProject
Global
	GlobalSection(SolutionConfigurationPlatforms) = preSolution
		Debug|Any CPU = Debug|Any CPU
		Release|Any CPU = Release|Any CPU
	EndGlobalSection
	GlobalSection(ProjectConfigurationPlatforms) = postSolution
		{F6B6FC45-364C-4F42-894C-8E2D5B59D1AD}.Debug|Any CPU.ActiveCfg = Debug|Any CPU
		{F6B6FC45-364C-4F42-894C-8E2D5B59D1AD}.Debug|Any CPU.Build.0 = Debug|Any CPU
		{F6B6FC45-364C-4F42-894C-8E2D5B59D1AD}.Release|Any CPU.ActiveCfg = Release|Any CPU
		{F6B6FC45-364C-4F42-894C-8E2D5B59D1AD}.Release|Any CPU.Build.0 = Release|Any CPU
	EndGlobalSection
	GlobalSection(SolutionProperties) = preSolution
		HideSolutionNode = FALSE
	EndGlobalSection
	GlobalSection(ExtensibilityGlobals) = postSolution
		SolutionGuid = {9A2CCF0D-45E4-4C1C-AA78-8A948C947AC7}
	EndGlobalSection
EndGlobal
